{
  "name": "blank-page",
  "lockfileVersion": 2,
  "requires": true,
  "packages": {
    "": {
      "dependencies": {
        "forkable-iterator": "^1.1.1"
      }
    },
    "node_modules/forkable-iterator": {
      "version": "1.1.1",
      "resolved": "https://registry.npmjs.org/forkable-iterator/-/forkable-iterator-1.1.1.tgz",
      "integrity": "sha512-VGvwj4TUrVG77y6M6C7hUkrIrDz6KfR3BF8uB+HvVzTskeRZil2GE7O+3E5pGCvoHnrDBEa33fMwYmyozgxGJQ==",
      "engines": {
        "node": ">=14.0.0"
      }
    }
  },
  "dependencies": {
    "forkable-iterator": {
      "version": "1.1.1",
      "resolved": "https://registry.npmjs.org/forkable-iterator/-/forkable-iterator-1.1.1.tgz",
      "integrity": "sha512-VGvwj4TUrVG77y6M6C7hUkrIrDz6KfR3BF8uB+HvVzTskeRZil2GE7O+3E5pGCvoHnrDBEa33fMwYmyozgxGJQ=="
    }
  }
}
